<?xml version="1.0" encoding="utf-8"?>
<Project ToolsVersion="4.0" xmlns="http://schemas.microsoft.com/developer/msbuild/2003">
  <ItemGroup>
    <Filter Include="源文件">
      <UniqueIdentifier>{4FC737F1-C7A5-4376-A066-2A32D752A2FF}</UniqueIdentifier>
      <Extensions>cpp;c;cc;cxx;def;odl;idl;hpj;bat;asm;asmx</Extensions>
    </Filter>
    <Filter Include="头文件">
      <UniqueIdentifier>{93995380-89BD-4b04-88EB-625FBE52EBFB}</UniqueIdentifier>
      <Extensions>h;hpp;hxx;hm;inl;inc;xsd</Extensions>
    </Filter>
    <Filter Include="头文件\m">
      <UniqueIdentifier>{78f91eb9-39f1-4855-9fda-f1d4ce0955c5}</UniqueIdentifier>
    </Filter>
  </ItemGroup>
  <ItemGroup>
    <ClInclude Include="targetver.h">
      <Filter>头文件</Filter>
    </ClInclude>
    <ClInclude Include="..\..\..\CTest\CTest\Pattern\State.h">
      <Filter>头文件\m</Filter>
    </ClInclude>
    <ClInclude Include="..\..\..\CTest\CTest\Pattern\abstractFactory.h">
      <Filter>头文件\m</Filter>
    </ClInclude>
    <ClInclude Include="..\..\..\CTest\CTest\Pattern\Adapter.h">
      <Filter>头文件\m</Filter>
    </ClInclude>
    <ClInclude Include="..\..\..\CTest\CTest\Pattern\Bridge.h">
      <Filter>头文件\m</Filter>
    </ClInclude>
    <ClInclude Include="..\..\..\CTest\CTest\Pattern\Builder.h">
      <Filter>头文件\m</Filter>
    </ClInclude>
    <ClInclude Include="..\..\..\CTest\CTest\Pattern\chain.h">
      <Filter>头文件\m</Filter>
    </ClInclude>
    <ClInclude Include="..\..\..\CTest\CTest\Pattern\Command.h">
      <Filter>头文件\m</Filter>
    </ClInclude>
    <ClInclude Include="..\..\..\CTest\CTest\Pattern\Composite.h">
      <Filter>头文件\m</Filter>
    </ClInclude>
    <ClInclude Include="..\..\..\CTest\CTest\Pattern\Decorator.h">
      <Filter>头文件\m</Filter>
    </ClInclude>
    <ClInclude Include="..\..\..\CTest\CTest\Pattern\Facade.h">
      <Filter>头文件\m</Filter>
    </ClInclude>
    <ClInclude Include="..\..\..\CTest\CTest\Pattern\Factory.h">
      <Filter>头文件\m</Filter>
    </ClInclude>
    <ClInclude Include="..\..\..\CTest\CTest\Pattern\FlyWeight.h">
      <Filter>头文件\m</Filter>
    </ClInclude>
    <ClInclude Include="..\..\..\CTest\CTest\Pattern\inerprete.h">
      <Filter>头文件\m</Filter>
    </ClInclude>
    <ClInclude Include="..\..\..\CTest\CTest\Pattern\Iterator.h">
      <Filter>头文件\m</Filter>
    </ClInclude>
    <ClInclude Include="..\..\..\CTest\CTest\Pattern\Mediator.h">
      <Filter>头文件\m</Filter>
    </ClInclude>
    <ClInclude Include="..\..\..\CTest\CTest\Pattern\memento.h">
      <Filter>头文件\m</Filter>
    </ClInclude>
    <ClInclude Include="..\..\..\CTest\CTest\Pattern\Observer.h">
      <Filter>头文件\m</Filter>
    </ClInclude>
    <ClInclude Include="..\..\..\CTest\CTest\Pattern\Prototype.h">
      <Filter>头文件\m</Filter>
    </ClInclude>
    <ClInclude Include="..\..\..\CTest\CTest\Pattern\Proxy .h">
      <Filter>头文件\m</Filter>
    </ClInclude>
    <ClInclude Include="..\..\..\CTest\CTest\Pattern\Single.h">
      <Filter>头文件\m</Filter>
    </ClInclude>
    <ClInclude Include="stdafx.h">
      <Filter>头文件\m</Filter>
    </ClInclude>
    <ClInclude Include="..\..\..\CTest\CTest\Pattern\Strategy.h">
      <Filter>头文件\m</Filter>
    </ClInclude>
    <ClInclude Include="..\..\..\CTest\CTest\Pattern\TemplateMethod.h">
      <Filter>头文件\m</Filter>
    </ClInclude>
    <ClInclude Include="..\..\..\CTest\CTest\Pattern\visitor.h">
      <Filter>头文件\m</Filter>
    </ClInclude>
    <ClInclude Include="..\..\..\CTest\CTest\Pattern\Sort.h">
      <Filter>头文件</Filter>
    </ClInclude>
    <ClInclude Include="tt.h">
      <Filter>头文件</Filter>
    </ClInclude>
    <ClInclude Include="..\..\..\CTest\CTest\Pattern\Init.h">
      <Filter>头文件</Filter>
    </ClInclude>
    <ClInclude Include="..\..\..\CTest\CTest\Pattern\Tree.h">
      <Filter>头文件</Filter>
    </ClInclude>
  </ItemGroup>
  <ItemGroup>
    <ClCompile Include="stdafx.cpp">
      <Filter>源文件</Filter>
    </ClCompile>
    <ClCompile Include="ca.cpp">
      <Filter>源文件</Filter>
    </ClCompile>
  </ItemGroup>
</Project>